
Microsoft Visual Studio Solution File, Format Version 12.00
# Visual Studio 15
VisualStudioVersion = 15.0.28307.852
MinimumVisualStudioVersion = 10.0.40219.1
Project("{8BC9CEB8-8B4A-11D0-8D11-00A0C91BC942}") = "spriteAnimEditor", "spriteAnimEditor\spriteAnimEditor.vcxproj", "{C223C76A-0C3C-4CDD-AB4E-552515CFE43D}"
EndProject
Global
	GlobalSection(SolutionConfigurationPlatforms) = preSolution
		Debug|x64 = Debug|x64
		Debug|x86 = Debug|x86
		Release|x64 = Release|x64
		Release|x86 = Release|x86
	EndGlobalSection
	GlobalSection(ProjectConfigurationPlatforms) = postSolution
		{C223C76A-0C3C-4CDD-AB4E-552515CFE43D}.Debug|x64.ActiveCfg = Debug|x64
		{C223C76A-0C3C-4CDD-AB4E-552515CFE43D}.Debug|x64.Build.0 = Debug|x64
		{C223C76A-0C3C-4CDD-AB4E-552515CFE43D}.Debug|x86.ActiveCfg = Debug|Win32
		{C223C76A-0C3C-4CDD-AB4E-552515CFE43D}.Debug|x86.Build.0 = Debug|Win32
		{C223C76A-0C3C-4CDD-AB4E-552515CFE43D}.Release|x64.ActiveCfg = Release|x64
		{C223C76A-0C3C-4CDD-AB4E-552515CFE43D}.Release|x64.Build.0 = Release|x64
		{C223C76A-0C3C-4CDD-AB4E-552515CFE43D}.Release|x86.ActiveCfg = Release|Win32
		{C223C76A-0C3C-4CDD-AB4E-552515CFE43D}.Release|x86.Build.0 = Release|Win32
	EndGlobalSection
	GlobalSection(SolutionProperties) = preSolution
		HideSolutionNode = FALSE
	EndGlobalSection
	GlobalSection(ExtensibilityGlobals) = postSolution
		SolutionGuid = {7C811D04-E8F1-4CE5-A30B-04D450685008}
	EndGlobalSection
EndGlobal
